
Microsoft Visual Studio Solution File, Format Version 12.00
# Visual Studio Version 17
VisualStudioVersion = 17.8.34330.188
MinimumVisualStudioVersion = 10.0.40219.1
Project("{FAE04EC0-301F-11D3-BF4B-00C04F79EFBC}") = "2024_28_02", "2024_28_02\2024_28_02.csproj", "{1D830D79-BD8E-441E-8E08-9B776833B7D9}"
EndProject
Global
	GlobalSection(SolutionConfigurationPlatforms) = preSolution
		Debug|Any CPU = Debug|Any CPU
		Release|Any CPU = Release|Any CPU
	EndGlobalSection
	GlobalSection(ProjectConfigurationPlatforms) = postSolution
		{1D830D79-BD8E-441E-8E08-9B776833B7D9}.Debug|Any CPU.ActiveCfg = Debug|Any CPU
		{1D830D79-BD8E-441E-8E08-9B776833B7D9}.Debug|Any CPU.Build.0 = Debug|Any CPU
		{1D830D79-BD8E-441E-8E08-9B776833B7D9}.Release|Any CPU.ActiveCfg = Release|Any CPU
		{1D830D79-BD8E-441E-8E08-9B776833B7D9}.Release|Any CPU.Build.0 = Release|Any CPU
	EndGlobalSection
	GlobalSection(SolutionProperties) = preSolution
		HideSolutionNode = FALSE
	EndGlobalSection
	GlobalSection(ExtensibilityGlobals) = postSolution
		SolutionGuid = {E00C949C-5EB4-4AEC-B75F-234C7651F6E6}
	EndGlobalSection
EndGlobal
